
Microsoft Visual Studio Solution File, Format Version 12.00
# Visual Studio Version 16
VisualStudioVersion = 16.0.28705.295
MinimumVisualStudioVersion = 10.0.40219.1
Project("{FAE04EC0-301F-11D3-BF4B-00C04F79EFBC}") = "UserManagement", "UserManagement\UserManagement.csproj", "{AFD927AC-478D-4B50-B393-68E505DADABC}"
EndProject
Global
	GlobalSection(SolutionConfigurationPlatforms) = preSolution
		Debug|Any CPU = Debug|Any CPU
		Release|Any CPU = Release|Any CPU
	EndGlobalSection
	GlobalSection(ProjectConfigurationPlatforms) = postSolution
		{AFD927AC-478D-4B50-B393-68E505DADABC}.Debug|Any CPU.ActiveCfg = Debug|Any CPU
		{AFD927AC-478D-4B50-B393-68E505DADABC}.Debug|Any CPU.Build.0 = Debug|Any CPU
		{AFD927AC-478D-4B50-B393-68E505DADABC}.Release|Any CPU.ActiveCfg = Release|Any CPU
		{AFD927AC-478D-4B50-B393-68E505DADABC}.Release|Any CPU.Build.0 = Release|Any CPU
	EndGlobalSection
	GlobalSection(SolutionProperties) = preSolution
		HideSolutionNode = FALSE
	EndGlobalSection
	GlobalSection(ExtensibilityGlobals) = postSolution
		SolutionGuid = {D82F2B36-DD4A-41E4-A6EB-3F1EBA6F9220}
	EndGlobalSection
EndGlobal
